
Microsoft Visual Studio Solution File, Format Version 12.00
# Visual Studio 15
Project("{FAE04EC0-301F-11D3-BF4B-00C04F79EFBC}") = "Rulett", "Rulett\Rulett.csproj", "{818DC805-8FFF-4E4F-AC34-33B8655A21C7}"
EndProject
Global
	GlobalSection(SolutionConfigurationPlatforms) = preSolution
		Debug|x86 = Debug|x86
		Release|x86 = Release|x86
	EndGlobalSection
	GlobalSection(ProjectConfigurationPlatforms) = postSolution
		{818DC805-8FFF-4E4F-AC34-33B8655A21C7}.Debug|x86.ActiveCfg = Debug|x86
		{818DC805-8FFF-4E4F-AC34-33B8655A21C7}.Debug|x86.Build.0 = Debug|x86
		{818DC805-8FFF-4E4F-AC34-33B8655A21C7}.Release|x86.ActiveCfg = Release|x86
		{818DC805-8FFF-4E4F-AC34-33B8655A21C7}.Release|x86.Build.0 = Release|x86
	EndGlobalSection
EndGlobal
